version = 1
revision = 3
requires-python = ">=3.12"

[[package]]
name = "run-3"
version = "0.1.0"
source = { virtual = "." }
dependencies = [
    { name = "tina4-python" },
]

[package.metadata]
requires-dist = [{ name = "tina4-python", specifier = ">=3.1.0" }]

[[package]]
name = "tina4-python"
version = "3.13.54"
source = { registry = "https://pypi.org/simple" }
sdist = { url = "https://files.pythonhosted.org/packages/56/b5/359139d0c874aa7a16a61ef905278525db549569bfe41dc9f04de58d1641/tina4_python-3.13.54.tar.gz", hash = "sha256:64060956ca21ea86e99720976813f356d59701e61625cdd78935ba5798a8b93d", size = 1175712, upload-time = "2026-07-07T10:02:54.385Z" }
wheels = [
    { url = "https://files.pythonhosted.org/packages/34/95/9dc9e1a5e13a31a0950080af16235597b0889ae8ed72cf940ee29b0a6078/tina4_python-3.13.54-py3-none-any.whl", hash = "sha256:53fcd5c7856bce3ec28be74cff39840c68e26103fd240395d7d19ca291317bdd", size = 1277898, upload-time = "2026-07-07T10:02:52.769Z" },
]
